
Microsoft Visual Studio Solution File, Format Version 12.00
# Visual Studio Version 16
VisualStudioVersion = 25.0.1706.0
MinimumVisualStudioVersion = 10.0.40219.1
Project("{FAE04EC0-301F-11D3-BF4B-00C04F79EFBC}") = "homework", "homework\homework.csproj", "{75B1E7C9-9AFF-43BF-81DC-EC2DFBD6FABD}"
EndProject
Project("{FAE04EC0-301F-11D3-BF4B-00C04F79EFBC}") = "homework1", "..\homework1\homework1.csproj", "{3C9933CC-E394-47DD-A429-1255B6D27867}"
EndProject
Project("{FAE04EC0-301F-11D3-BF4B-00C04F79EFBC}") = "homework2", "..\homework2\homework2.csproj", "{E3106E9F-3927-4242-9E42-F4C786049AE2}"
EndProject
Global
	GlobalSection(SolutionConfigurationPlatforms) = preSolution
		Debug|Any CPU = Debug|Any CPU
		Release|Any CPU = Release|Any CPU
	EndGlobalSection
	GlobalSection(ProjectConfigurationPlatforms) = postSolution
		{75B1E7C9-9AFF-43BF-81DC-EC2DFBD6FABD}.Debug|Any CPU.ActiveCfg = Debug|Any CPU
		{75B1E7C9-9AFF-43BF-81DC-EC2DFBD6FABD}.Debug|Any CPU.Build.0 = Debug|Any CPU
		{75B1E7C9-9AFF-43BF-81DC-EC2DFBD6FABD}.Release|Any CPU.ActiveCfg = Release|Any CPU
		{75B1E7C9-9AFF-43BF-81DC-EC2DFBD6FABD}.Release|Any CPU.Build.0 = Release|Any CPU
		{3C9933CC-E394-47DD-A429-1255B6D27867}.Debug|Any CPU.ActiveCfg = Debug|Any CPU
		{3C9933CC-E394-47DD-A429-1255B6D27867}.Debug|Any CPU.Build.0 = Debug|Any CPU
		{3C9933CC-E394-47DD-A429-1255B6D27867}.Release|Any CPU.ActiveCfg = Release|Any CPU
		{3C9933CC-E394-47DD-A429-1255B6D27867}.Release|Any CPU.Build.0 = Release|Any CPU
		{E3106E9F-3927-4242-9E42-F4C786049AE2}.Debug|Any CPU.ActiveCfg = Debug|Any CPU
		{E3106E9F-3927-4242-9E42-F4C786049AE2}.Debug|Any CPU.Build.0 = Debug|Any CPU
		{E3106E9F-3927-4242-9E42-F4C786049AE2}.Release|Any CPU.ActiveCfg = Release|Any CPU
		{E3106E9F-3927-4242-9E42-F4C786049AE2}.Release|Any CPU.Build.0 = Release|Any CPU
	EndGlobalSection
	GlobalSection(SolutionProperties) = preSolution
		HideSolutionNode = FALSE
	EndGlobalSection
	GlobalSection(ExtensibilityGlobals) = postSolution
		SolutionGuid = {2A51D0D8-DD04-4B8C-A268-185594850CD3}
	EndGlobalSection
EndGlobal
